
Microsoft Visual Studio Solution File, Format Version 12.00
# Visual Studio Version 17
VisualStudioVersion = 17.14.36119.2 d17.14
MinimumVisualStudioVersion = 10.0.40219.1
Project("{FAE04EC0-301F-11D3-BF4B-00C04F79EFBC}") = "baionline3", "baionline3\baionline3.csproj", "{1A1EFC91-A08C-4603-A8F4-28F0D80CD354}"
EndProject
Global
	GlobalSection(SolutionConfigurationPlatforms) = preSolution
		Debug|Any CPU = Debug|Any CPU
		Release|Any CPU = Release|Any CPU
	EndGlobalSection
	GlobalSection(ProjectConfigurationPlatforms) = postSolution
		{1A1EFC91-A08C-4603-A8F4-28F0D80CD354}.Debug|Any CPU.ActiveCfg = Debug|Any CPU
		{1A1EFC91-A08C-4603-A8F4-28F0D80CD354}.Debug|Any CPU.Build.0 = Debug|Any CPU
		{1A1EFC91-A08C-4603-A8F4-28F0D80CD354}.Release|Any CPU.ActiveCfg = Release|Any CPU
		{1A1EFC91-A08C-4603-A8F4-28F0D80CD354}.Release|Any CPU.Build.0 = Release|Any CPU
	EndGlobalSection
	GlobalSection(SolutionProperties) = preSolution
		HideSolutionNode = FALSE
	EndGlobalSection
	GlobalSection(ExtensibilityGlobals) = postSolution
		SolutionGuid = {B58B2C67-3D7B-48A2-8970-1FDCCDE5142E}
	EndGlobalSection
EndGlobal
